<Solution>
  <Configurations>
    <Platform Name="Any CPU" />
    <Platform Name="x64" />
    <Platform Name="x86" />
  </Configurations>
  <Folder Name="/Services/">
    <Project Path="Services/Catalog.API/Catalog.API.csproj" Id="15866b3b-ba28-40d9-b7fb-f6ec9d32f841" />
    <Project Path="Services/Identity.API/Identity.API.csproj" />
  </Folder>
  <Project Path="API Gateway/ApiGateway.csproj" Id="d9e591f3-08d5-46e9-a353-16a74d330501" />
</Solution>
